{
  "name": "vault-decryptor2",
  "version": "1.0.0",
  "lockfileVersion": 1,
  "requires": true,
  "dependencies": {
    "browser-passworder": {
      "version": "2.0.3",
      "resolved": "https://registry.npmjs.org/browser-passworder/-/browser-passworder-2.0.3.tgz",
      "integrity": "sha1-b90gguUWoXbtvLPc7gt/n85PeRc=",
      "requires": {
        "browserify-unibabel": "^3.0.0"
      }
    },
    "browserify-unibabel": {
      "version": "3.0.0",
      "resolved": "https://registry.npmjs.org/browserify-unibabel/-/browserify-unibabel-3.0.0.tgz",
      "integrity": "sha1-WmuPD3BM44jTkn30czfiWDD3Hdo="
    }
  }
}
